{
    "_meta": {
        "hash": {
            "sha256": "c03d628798bd9f647529a638e558ebfbb1f9ef6d69d003948494d220ad83ea26"
        },
        "pipfile-spec": 6,
        "requires": {
            "python_version": "3.10"
        },
        "sources": [
            {
                "name": "pypi",
                "url": "https://pypi.org/simple",
                "verify_ssl": true
            }
        ]
    },
    "default": {
        "attrs": {
            "hashes": [
                "sha256:29adc2665447e5191d0e7c568fde78b21f9672d344281d0c6e1ab085429b22b6",
                "sha256:86efa402f67bf2df34f51a335487cf46b1ec130d02b8d39fd248abfd30da551c"
            ],
            "markers": "python_version >= '3.5'",
            "version": "==22.1.0"
        },
        "iniconfig": {
            "hashes": [
                "sha256:011e24c64b7f47f6ebd835bb12a743f2fbe9a26d4cecaa7f53bc4f35ee9da8b3",
                "sha256:bc3af051d7d14b2ee5ef9969666def0cd1a000e121eaea580d4a313df4b37f32"
            ],
            "version": "==1.1.1"
        },
        "maskpass": {
            "hashes": [
                "sha256:9f31ba4e7a3d24560f24bf156352db415a91dd48b0bb071a30d1dade99440095",
                "sha256:fd04a2cbd64562ad0cee333d0a798cf58be76826dad50ebf968ffedc994752c0"
            ],
            "index": "pypi",
            "version": "==0.3.6"
        },
        "mysql": {
            "hashes": [
                "sha256:8893cb143a5ac525c49ef358a23b8a0dc9721a95646f7bab6ca2f384c18a6a9a",
                "sha256:fd7bae7d7301ce7cd3932e5ff7f77bbc8e34872108252866e08d16d6b8e8de8c"
            ],
            "index": "pypi",
            "version": "==0.0.3"
        },
        "mysqlclient": {
            "hashes": [
                "sha256:0d1cd3a5a4d28c222fa199002810e8146cffd821410b67851af4cc80aeccd97c",
                "sha256:828757e419fb11dd6c5ed2576ec92c3efaa93a0f7c39e263586d1ee779c3d782",
                "sha256:996924f3483fd36a34a5812210c69e71dea5a3d5978d01199b78b7f6d485c855",
                "sha256:b355c8b5a7d58f2e909acdbb050858390ee1b0e13672ae759e5e784110022994",
                "sha256:c1ed71bd6244993b526113cca3df66428609f90e4652f37eb51c33496d478b37",
                "sha256:c812b67e90082a840efb82a8978369e6e69fc62ce1bda4ca8f3084a9d862308b",
                "sha256:dea88c8d3f5a5d9293dfe7f087c16dd350ceb175f2f6631c9cf4caf3e19b7a96"
            ],
            "markers": "python_version >= '3.5'",
            "version": "==2.1.1"
        },
        "packaging": {
            "hashes": [
                "sha256:dd47c42927d89ab911e606518907cc2d3a1f38bbd026385970643f9c5b8ecfeb",
                "sha256:ef103e05f519cdc783ae24ea4e2e0f508a9c99b2d4969652eed6a2e1ea5bd522"
            ],
            "markers": "python_version >= '3.6'",
            "version": "==21.3"
        },
        "pluggy": {
            "hashes": [
                "sha256:4224373bacce55f955a878bf9cfa763c1e360858e330072059e10bad68531159",
                "sha256:74134bbf457f031a36d68416e1509f34bd5ccc019f0bcc952c7b909d06b37bd3"
            ],
            "markers": "python_version >= '3.6'",
            "version": "==1.0.0"
        },
        "py": {
            "hashes": [
                "sha256:51c75c4126074b472f746a24399ad32f6053d1b34b68d2fa41e558e6f4a98719",
                "sha256:607c53218732647dff4acdfcd50cb62615cedf612e72d1724fb1a0cc6405b378"
            ],
            "markers": "python_version >= '2.7' and python_version not in '3.0, 3.1, 3.2, 3.3, 3.4'",
            "version": "==1.11.0"
        },
        "pydocstyle": {
            "hashes": [
                "sha256:1d41b7c459ba0ee6c345f2eb9ae827cab14a7533a88c5c6f7e94923f72df92dc",
                "sha256:6987826d6775056839940041beef5c08cc7e3d71d63149b48e36727f70144dc4"
            ],
            "index": "pypi",
            "version": "==6.1.1"
        },
        "pynput": {
            "hashes": [
                "sha256:19861b2a0c430d646489852f89500e0c9332e295f2c020e7c2775e7046aa2e2f",
                "sha256:264429fbe676e98e9050ad26a7017453bdd08768adb25cafb918347cf9f1eb4a",
                "sha256:3a5726546da54116b687785d38b1db56997ce1d28e53e8d22fc656d8b92e533c"
            ],
            "version": "==1.7.6"
        },
        "pyobjc-core": {
            "hashes": [
                "sha256:0accc653501a655f66c13f149a1d3d30e6cb65824edf852f7960a00c4f930d5b",
                "sha256:21f92e231a4bae7f2d160d065f5afbf5e859a1e37f29d34ac12592205fc8c108",
                "sha256:315334dd09781129af6a39641248891c4caa57043901750b0139c6614ce84ec0",
                "sha256:872c0202c911a5a2f1269261c168e36569f6ddac17e5d854ac19e581726570cc",
                "sha256:b62dcf987cc511188fc2aa5b4d3b9fd895361ea4984380463497ce4b0752ddf4",
                "sha256:f7b2f6b6f3caeb882c658fe0c7098be2e8b79893d84daa8e636cb3e58a07df00",
                "sha256:f82b32affc898e9e5af041c1cecde2c99f2ce160b87df77f678c99f1550a4655",
                "sha256:f8592a12de076c27006700c4a46164478564fa33d7da41e7cbdd0a3bf9ddbccf"
            ],
            "markers": "python_version >= '3.6'",
            "version": "==8.5.1"
        },
        "pyobjc-framework-applicationservices": {
            "hashes": [
                "sha256:13950cc5dfd174eaa3e53f9638942f77707983f77665e05f24c170cd573a726f",
                "sha256:493096dd73d09fd96e87896176ff90db2f806ba32a5fb46d96d18e0a8ddc816c",
                "sha256:57e2b21d25f56e36722b36242a0ee59455c758ee52c0d558600685ad27cc62f1",
                "sha256:6971b5bca45292c85423d4a5befae7407dfe7b0070e23768f90025599dc61f31",
                "sha256:70727a4e1bc1a19f8e45896e7790883187e4d0ba9e11dee6146372f3c1898a45",
                "sha256:80f57cc1a0d30f9fb395b27bc7e7a52b0d89b531a37212bf842cb597f8af9218",
                "sha256:9cc5118c4c6db4c1ae349ee286b4c45c469f677afc6850d1d8d86af0e103e3df",
                "sha256:efd019ca1d0d1d35edaf41d0655c0fe6d5d01dd8e9c1c1fbea732755fc8fc96d"
            ],
            "markers": "sys_platform == 'darwin'",
            "version": "==8.5.1"
        },
        "pyobjc-framework-cocoa": {
            "hashes": [
                "sha256:063683b57e4bd88cb0f9631ae65d25ec4eecf427d2fe8d0c578f88da9c896f3f",
                "sha256:7733a9a201df9e0cc2a0cf7bf54d76bd7981cba9b599353b243e3e0c9eefec10",
                "sha256:88f08f5bd94c66d373d8413c1d08218aff4cff0b586e0cc4249b2284023e7577",
                "sha256:8f8806ddfac40620fb27f185d0f8937e69e330617319ecc2eccf6b9c8451bdd1",
                "sha256:9a3de5cdb4644e85daf53f2ed912ef6c16ea5804a9e65552eafe62c2e139eb8c",
                "sha256:aa572acc2628488a47be8d19f4701fc96fce7377cc4da18316e1e08c3918521a",
                "sha256:cb3ae21c8d81b7f02a891088c623cef61bca89bd671eff58c632d2f926b649f3",
                "sha256:f0ab227f99d3e25dd3db73f8cde0999914a5f0dd6a08600349d25f95eaa0da63"
            ],
            "markers": "python_version >= '3.6'",
            "version": "==8.5.1"
        },
        "pyobjc-framework-quartz": {
            "hashes": [
                "sha256:37ba625b6c240d4f5aea02f1672b16e53e39de07dbaf33751a61b5a0be7dc9fa",
                "sha256:4599337079050512179229625d97c1494ee4821fcbb82b1a209ed498d7e476af",
                "sha256:54f30895cd97a08b67dc3cf2cb032a9ebfe8b80458cddab0b32eb903da8fe447",
                "sha256:577c912c8d59519a0c5c70b8984406d82f771bca4e399a1f29f224b885012f17",
                "sha256:5ee24f34d35da7360ca6c790a93a2b61dd6f74a14efef42344555ad0db4e2f8a",
                "sha256:8790fd2499fb1a80d49d8991739e15c5604dba4c8ece87e4afa2f3f679fa0f12",
                "sha256:9b7c1030fda93695f8c0bbbe03fce3251a351ca392dd6b03f94805d3afaadd16",
                "sha256:fe4433be49dafe7efb378bd701583c6ffc93a899e23f1dec743298bc6da5aed6"
            ],
            "markers": "sys_platform == 'darwin'",
            "version": "==8.5.1"
        },
        "pyparsing": {
            "hashes": [
                "sha256:2b020ecf7d21b687f219b71ecad3631f644a47f01403fa1d1036b0c6416d70fb",
                "sha256:5026bae9a10eeaefb61dab2f09052b9f4307d44aee4eda64b309723d8d206bbc"
            ],
            "markers": "python_full_version >= '3.6.8'",
            "version": "==3.0.9"
        },
        "pytest": {
            "hashes": [
                "sha256:1377bda3466d70b55e3f5cecfa55bb7cfcf219c7964629b967c37cf0bda818b7",
                "sha256:4f365fec2dff9c1162f834d9f18af1ba13062db0c708bf7b946f8a5c76180c39"
            ],
            "index": "pypi",
            "version": "==7.1.3"
        },
        "six": {
            "hashes": [
                "sha256:1e61c37477a1626458e36f7b1d82aa5c9b094fa4802892072e49de9c60c4c926",
                "sha256:8abb2f1d86890a2dfb989f9a77cfcfd3e47c2a354b01111771326f8aa26e0254"
            ],
            "markers": "python_version >= '2.7' and python_version not in '3.0, 3.1, 3.2'",
            "version": "==1.16.0"
        },
        "snowballstemmer": {
            "hashes": [
                "sha256:09b16deb8547d3412ad7b590689584cd0fe25ec8db3be37788be3810cbf19cb1",
                "sha256:c8e1716e83cc398ae16824e5572ae04e0d9fc2c6b985fb0f900f5f0c96ecba1a"
            ],
            "version": "==2.2.0"
        },
        "tabulate": {
            "hashes": [
                "sha256:0095b12bf5966de529c0feb1fa08671671b3368eec77d7ef7ab114be2c068b3c",
                "sha256:024ca478df22e9340661486f85298cff5f6dcdba14f3813e8830015b9ed1948f"
            ],
            "index": "pypi",
            "version": "==0.9.0"
        },
        "tomli": {
            "hashes": [
                "sha256:939de3e7a6161af0c887ef91b7d41a53e7c5a1ca976325f429cb46ea9bc30ecc",
                "sha256:de526c12914f0c550d15924c62d72abc48d6fe7364aa87328337a31007fe8a4f"
            ],
            "markers": "python_version >= '3.7'",
            "version": "==2.0.1"
        }
    },
    "develop": {}
}
